
Microsoft Visual Studio Solution File, Format Version 12.00
Project("{FAE04EC0-301F-11D3-BF4B-00C04F79EFBC}") = "SteamKit", "SteamKit\SteamKit.csproj", "{89066598-C58F-4500-8C41-F65F0F97CED3}"
EndProject
Global
	GlobalSection(SolutionConfigurationPlatforms) = preSolution
		Debug|Any CPU = Debug|Any CPU
		Release|Any CPU = Release|Any CPU
	EndGlobalSection
	GlobalSection(ProjectConfigurationPlatforms) = postSolution
		{89066598-C58F-4500-8C41-F65F0F97CED3}.Debug|Any CPU.ActiveCfg = Debug|Any CPU
		{89066598-C58F-4500-8C41-F65F0F97CED3}.Debug|Any CPU.Build.0 = Debug|Any CPU
		{89066598-C58F-4500-8C41-F65F0F97CED3}.Release|Any CPU.ActiveCfg = Release|Any CPU
		{89066598-C58F-4500-8C41-F65F0F97CED3}.Release|Any CPU.Build.0 = Release|Any CPU
	EndGlobalSection
EndGlobal
